// !$*UTF8*$!
{
	archiveVersion = 1;
	classes = {
	};
	objectVersion = 48;
	objects = {

/* Begin PBXBuildFile section */
		28BD4EFC20646EFD008AD9F6 /* AppDelegate.swift in Sources */ = {isa = PBXBuildFile; fileRef = 28BD4EFB20646EFD008AD9F6 /* AppDelegate.swift */; };
		28BD4EFE20646EFD008AD9F6 /* art.scnassets in Resources */ = {isa = PBXBuildFile; fileRef = 28BD4EFD20646EFD008AD9F6 /* art.scnassets */; };
		28BD4F0020646EFD008AD9F6 /* ViewController.swift in Sources */ = {isa = PBXBuildFile; fileRef = 28BD4EFF20646EFD008AD9F6 /* ViewController.swift */; };
		28BD4F0320646EFD008AD9F6 /* Main.storyboard in Resources */ = {isa = PBXBuildFile; fileRef = 28BD4F0120646EFD008AD9F6 /* Main.storyboard */; };
		28BD4F0520646EFD008AD9F6 /* Assets.xcassets in Resources */ = {isa = PBXBuildFile; fileRef = 28BD4F0420646EFD008AD9F6 /* Assets.xcassets */; };
		28BD4F0820646EFD008AD9F6 /* LaunchScreen.storyboard in Resources */ = {isa = PBXBuildFile; fileRef = 28BD4F0620646EFD008AD9F6 /* LaunchScreen.storyboard */; };
/* End PBXBuildFile section */

/* Begin PBXFileReference section */
		28BD4EF820646EFD008AD9F6 /* DicyDice.app */ = {isa = PBXFileReference; explicitFileType = wrapper.application; includeInIndex = 0; path = DicyDice.app; sourceTree = BUILT_PRODUCTS_DIR; };
		28BD4EFB20646EFD008AD9F6 /* AppDelegate.swift */ = {isa = PBXFileReference; lastKnownFileType = sourcecode.swift; path = AppDelegate.swift; sourceTree = "<group>"; };
		28BD4EFD20646EFD008AD9F6 /* art.scnassets */ = {isa = PBXFileReference; lastKnownFileType = wrapper.scnassets; path = art.scnassets; sourceTree = "<group>"; };
		28BD4EFF20646EFD008AD9F6 /* ViewController.swift */ = {isa = PBXFileReference; lastKnownFileType = sourcecode.swift; path = ViewController.swift; sourceTree = "<group>"; };
		28BD4F0220646EFD008AD9F6 /* Base */ = {isa = PBXFileReference; lastKnownFileType = file.storyboard; name = Base; path = Base.lproj/Main.storyboard; sourceTree = "<group>"; };
		28BD4F0420646EFD008AD9F6 /* Assets.xcassets */ = {isa = PBXFileReference; lastKnownFileType = folder.assetcatalog; path = Assets.xcassets; sourceTree = "<group>"; };
		28BD4F0720646EFD008AD9F6 /* Base */ = {isa = PBXFileReference; lastKnownFileType = file.storyboard; name = Base; path = Base.lproj/LaunchScreen.storyboard; sourceTree = "<group>"; };
		28BD4F0920646EFD008AD9F6 /* Info.plist */ = {isa = PBXFileReference; lastKnownFileType = text.plist.xml; path = Info.plist; sourceTree = "<group>"; };
/* End PBXFileReference section */

/* Begin PBXFrameworksBuildPhase section */
		28BD4EF520646EFD008AD9F6 /* Frameworks */ = {
			isa = PBXFrameworksBuildPhase;
			buildActionMask = 2147483647;
			files = (
			);
			runOnlyForDeploymentPostprocessing = 0;
		};
/* End PBXFrameworksBuildPhase section */

/* Begin PBXGroup section */
		28BD4EEF20646EFD008AD9F6 = {
			isa = PBXGroup;
			children = (
				28BD4EFA20646EFD008AD9F6 /* DicyDice */,
				28BD4EF920646EFD008AD9F6 /* Products */,
			);
			sourceTree = "<group>";
		};
		28BD4EF920646EFD008AD9F6 /* Products */ = {
			isa = PBXGroup;
			children = (
				28BD4EF820646EFD008AD9F6 /* DicyDice.app */,
			);
			name = Products;
			sourceTree = "<group>";
		};
		28BD4EFA20646EFD008AD9F6 /* DicyDice */ = {
			isa = PBXGroup;
			children = (
				28BD4EFB20646EFD008AD9F6 /* AppDelegate.swift */,
				28BD4EFD20646EFD008AD9F6 /* art.scnassets */,
				28BD4EFF20646EFD008AD9F6 /* ViewController.swift */,
				28BD4F0120646EFD008AD9F6 /* Main.storyboard */,
				28BD4F0420646EFD008AD9F6 /* Assets.xcassets */,
				28BD4F0620646EFD008AD9F6 /* LaunchScreen.storyboard */,
				28BD4F0920646EFD008AD9F6 /* Info.plist */,
			);
			path = DicyDice;
			sourceTree = "<group>";
		};
/* End PBXGroup section */

/* Begin PBXNativeTarget section */
		28BD4EF720646EFD008AD9F6 /* DicyDice */ = {
			isa = PBXNativeTarget;
			buildConfigurationList = 28BD4F0C20646EFD008AD9F6 /* Build configuration list for PBXNativeTarget "DicyDice" */;
			buildPhases = (
				28BD4EF420646EFD008AD9F6 /* Sources */,
				28BD4EF520646EFD008AD9F6 /* Frameworks */,
				28BD4EF620646EFD008AD9F6 /* Resources */,
			);
			buildRules = (
			);
			dependencies = (
			);
			name = DicyDice;
			productName = DicyDice;
			productReference = 28BD4EF820646EFD008AD9F6 /* DicyDice.app */;
			productType = "com.apple.product-type.application";
		};
/* End PBXNativeTarget section */

/* Begin PBXProject section */
		28BD4EF020646EFD008AD9F6 /* Project object */ = {
			isa = PBXProject;
			attributes = {
				LastSwiftUpdateCheck = 0920;
				LastUpgradeCheck = 0920;
				ORGANIZATIONNAME = "Bari Abdul";
				TargetAttributes = {
					28BD4EF720646EFD008AD9F6 = {
						CreatedOnToolsVersion = 9.2;
						ProvisioningStyle = Automatic;
					};
				};
			};
			buildConfigurationList = 28BD4EF320646EFD008AD9F6 /* Build configuration list for PBXProject "DicyDice" */;
			compatibilityVersion = "Xcode 8.0";
			developmentRegion = en;
			hasScannedForEncodings = 0;
			knownRegions = (
				en,
				Base,
			);
			mainGroup = 28BD4EEF20646EFD008AD9F6;
			productRefGroup = 28BD4EF920646EFD008AD9F6 /* Products */;
			projectDirPath = "";
			projectRoot = "";
			targets = (
				28BD4EF720646EFD008AD9F6 /* DicyDice */,
			);
		};
/* End PBXProject section */

/* Begin PBXResourcesBuildPhase section */
		28BD4EF620646EFD008AD9F6 /* Resources */ = {
			isa = PBXResourcesBuildPhase;
			buildActionMask = 2147483647;
			files = (
				28BD4EFE20646EFD008AD9F6 /* art.scnassets in Resources */,
				28BD4F0820646EFD008AD9F6 /* LaunchScreen.storyboard in Resources */,
				28BD4F0520646EFD008AD9F6 /* Assets.xcassets in Resources */,
				28BD4F0320646EFD008AD9F6 /* Main.storyboard in Resources */,
			);
			runOnlyForDeploymentPostprocessing = 0;
		};
/* End PBXResourcesBuildPhase section */

/* Begin PBXSourcesBuildPhase section */
		28BD4EF420646EFD008AD9F6 /* Sources */ = {
			isa = PBXSourcesBuildPhase;
			buildActionMask = 2147483647;
			files = (
				28BD4F0020646EFD008AD9F6 /* ViewController.swift in Sources */,
				28BD4EFC20646EFD008AD9F6 /* AppDelegate.swift in Sources */,
			);
			runOnlyForDeploymentPostprocessing = 0;
		};
/* End PBXSourcesBuildPhase section */

/* Begin PBXVariantGroup section */
		28BD4F0120646EFD008AD9F6 /* Main.storyboard */ = {
			isa = PBXVariantGroup;
			children = (
				28BD4F0220646EFD008AD9F6 /* Base */,
			);
			name = Main.storyboard;
			sourceTree = "<group>";
		};
		28BD4F0620646EFD008AD9F6 /* LaunchScreen.storyboard */ = {
			isa = PBXVariantGroup;
			children = (
				28BD4F0720646EFD008AD9F6 /* Base */,
			);
			name = LaunchScreen.storyboard;
			sourceTree = "<group>";
		};
/* End PBXVariantGroup section */

/* Begin XCBuildConfiguration section */
		28BD4F0A20646EFD008AD9F6 /* Debug */ = {
			isa = XCBuildConfiguration;
			buildSettings = {
				ALWAYS_SEARCH_USER_PATHS = NO;
				CLANG_ANALYZER_NONNULL = YES;
				CLANG_ANALYZER_NUMBER_OBJECT_CONVERSION = YES_AGGRESSIVE;
				CLANG_CXX_LANGUAGE_STANDARD = "gnu++14";
				CLANG_CXX_LIBRARY = "libc++";
				CLANG_ENABLE_MODULES = YES;
				CLANG_ENABLE_OBJC_ARC = YES;
				CLANG_WARN_BLOCK_CAPTURE_AUTORELEASING = YES;
				CLANG_WARN_BOOL_CONVERSION = YES;
				CLANG_WARN_COMMA = YES;
				CLANG_WARN_CONSTANT_CONVERSION = YES;
				CLANG_WARN_DIRECT_OBJC_ISA_USAGE = YES_ERROR;
				CLANG_WARN_DOCUMENTATION_COMMENTS = YES;
				CLANG_WARN_EMPTY_BODY = YES;
				CLANG_WARN_ENUM_CONVERSION = YES;
				CLANG_WARN_INFINITE_RECURSION = YES;
				CLANG_WARN_INT_CONVERSION = YES;
				CLANG_WARN_NON_LITERAL_NULL_CONVERSION = YES;
				CLANG_WARN_OBJC_LITERAL_CONVERSION = YES;
				CLANG_WARN_OBJC_ROOT_CLASS = YES_ERROR;
				CLANG_WARN_RANGE_LOOP_ANALYSIS = YES;
				CLANG_WARN_STRICT_PROTOTYPES = YES;
				CLANG_WARN_SUSPICIOUS_MOVE = YES;
				CLANG_WARN_UNGUARDED_AVAILABILITY = YES_AGGRESSIVE;
				CLANG_WARN_UNREACHABLE_CODE = YES;
				CLANG_WARN__DUPLICATE_METHOD_MATCH = YES;
				CODE_SIGN_IDENTITY = "iPhone Developer";
				COPY_PHASE_STRIP = NO;
				DEBUG_INFORMATION_FORMAT = dwarf;
				ENABLE_STRICT_OBJC_MSGSEND = YES;
				ENABLE_TESTABILITY = YES;
				GCC_C_LANGUAGE_STANDARD = gnu11;
				GCC_DYNAMIC_NO_PIC = NO;
				GCC_NO_COMMON_BLOCKS = YES;
				GCC_OPTIMIZATION_LEVEL = 0;
				GCC_PREPROCESSOR_DEFINITIONS = (
					"DEBUG=1",
					"$(inherited)",
				);
				GCC_WARN_64_TO_32_BIT_CONVERSION = YES;
				GCC_WARN_ABOUT_RETURN_TYPE = YES_ERROR;
				GCC_WARN_UNDECLARED_SELECTOR = YES;
				GCC_WARN_UNINITIALIZED_AUTOS = YES_AGGRESSIVE;
				GCC_WARN_UNUSED_FUNCTION = YES;
				GCC_WARN_UNUSED_VARIABLE = YES;
				IPHONEOS_DEPLOYMENT_TARGET = 11.2;
				MTL_ENABLE_DEBUG_INFO = YES;
				ONLY_ACTIVE_ARCH = YES;
				SDKROOT = iphoneos;
				SWIFT_ACTIVE_COMPILATION_CONDITIONS = DEBUG;
				SWIFT_OPTIMIZATION_LEVEL = "-Onone";
			};
			name = Debug;
		};
		28BD4F0B20646EFD008AD9F6 /* Release */ = {
			isa = XCBuildConfiguration;
			buildSettings = {
				ALWAYS_SEARCH_USER_PATHS = NO;
				CLANG_ANALYZER_NONNULL = YES;
				CLANG_ANALYZER_NUMBER_OBJECT_CONVERSION = YES_AGGRESSIVE;
				CLANG_CXX_LANGUAGE_STANDARD = "gnu++14";
				CLANG_CXX_LIBRARY = "libc++";
				CLANG_ENABLE_MODULES = YES;
				CLANG_ENABLE_OBJC_ARC = YES;
				CLANG_WARN_BLOCK_CAPTURE_AUTORELEASING = YES;
				CLANG_WARN_BOOL_CONVERSION = YES;
				CLANG_WARN_COMMA = YES;
				CLANG_WARN_CONSTANT_CONVERSION = YES;
				CLANG_WARN_DIRECT_OBJC_ISA_USAGE = YES_ERROR;
				CLANG_WARN_DOCUMENTATION_COMMENTS = YES;
				CLANG_WARN_EMPTY_BODY = YES;
				CLANG_WARN_ENUM_CONVERSION = YES;
				CLANG_WARN_INFINITE_RECURSION = YES;
				CLANG_WARN_INT_CONVERSION = YES;
				CLANG_WARN_NON_LITERAL_NULL_CONVERSION = YES;
				CLANG_WARN_OBJC_LITERAL_CONVERSION = YES;
				CLANG_WARN_OBJC_ROOT_CLASS = YES_ERROR;
				CLANG_WARN_RANGE_LOOP_ANALYSIS = YES;
				CLANG_WARN_STRICT_PROTOTYPES = YES;
				CLANG_WARN_SUSPICIOUS_MOVE = YES;
				CLANG_WARN_UNGUARDED_AVAILABILITY = YES_AGGRESSIVE;
				CLANG_WARN_UNREACHABLE_CODE = YES;
				CLANG_WARN__DUPLICATE_METHOD_MATCH = YES;
				CODE_SIGN_IDENTITY = "iPhone Developer";
				COPY_PHASE_STRIP = NO;
				DEBUG_INFORMATION_FORMAT = "dwarf-with-dsym";
				ENABLE_NS_ASSERTIONS = NO;
				ENABLE_STRICT_OBJC_MSGSEND = YES;
				GCC_C_LANGUAGE_STANDARD = gnu11;
				GCC_NO_COMMON_BLOCKS = YES;
				GCC_WARN_64_TO_32_BIT_CONVERSION = YES;
				GCC_WARN_ABOUT_RETURN_TYPE = YES_ERROR;
				GCC_WARN_UNDECLARED_SELECTOR = YES;
				GCC_WARN_UNINITIALIZED_AUTOS = YES_AGGRESSIVE;
				GCC_WARN_UNUSED_FUNCTION = YES;
				GCC_WARN_UNUSED_VARIABLE = YES;
				IPHONEOS_DEPLOYMENT_TARGET = 11.2;
				MTL_ENABLE_DEBUG_INFO = NO;
				SDKROOT = iphoneos;
				SWIFT_OPTIMIZATION_LEVEL = "-Owholemodule";
				VALIDATE_PRODUCT = YES;
			};
			name = Release;
		};
		28BD4F0D20646EFD008AD9F6 /* Debug */ = {
			isa = XCBuildConfiguration;
			buildSettings = {
				ASSETCATALOG_COMPILER_APPICON_NAME = AppIcon;
				CODE_SIGN_STYLE = Automatic;
				DEVELOPMENT_TEAM = 273522GWR3;
				INFOPLIST_FILE = DicyDice/Info.plist;
				LD_RUNPATH_SEARCH_PATHS = "$(inherited) @executable_path/Frameworks";
				PRODUCT_BUNDLE_IDENTIFIER = com.bariabdul.DicyDice;
				PRODUCT_NAME = "$(TARGET_NAME)";
				SWIFT_VERSION = 4.0;
				TARGETED_DEVICE_FAMILY = "1,2";
			};
			name = Debug;
		};
		28BD4F0E20646EFD008AD9F6 /* Release */ = {
			isa = XCBuildConfiguration;
			buildSettings = {
				ASSETCATALOG_COMPILER_APPICON_NAME = AppIcon;
				CODE_SIGN_STYLE = Automatic;
				DEVELOPMENT_TEAM = 273522GWR3;
				INFOPLIST_FILE = DicyDice/Info.plist;
				LD_RUNPATH_SEARCH_PATHS = "$(inherited) @executable_path/Frameworks";
				PRODUCT_BUNDLE_IDENTIFIER = com.bariabdul.DicyDice;
				PRODUCT_NAME = "$(TARGET_NAME)";
				SWIFT_VERSION = 4.0;
				TARGETED_DEVICE_FAMILY = "1,2";
			};
			name = Release;
		};
/* End XCBuildConfiguration section */

/* Begin XCConfigurationList section */
		28BD4EF320646EFD008AD9F6 /* Build configuration list for PBXProject "DicyDice" */ = {
			isa = XCConfigurationList;
			buildConfigurations = (
				28BD4F0A20646EFD008AD9F6 /* Debug */,
				28BD4F0B20646EFD008AD9F6 /* Release */,
			);
			defaultConfigurationIsVisible = 0;
			defaultConfigurationName = Release;
		};
		28BD4F0C20646EFD008AD9F6 /* Build configuration list for PBXNativeTarget "DicyDice" */ = {
			isa = XCConfigurationList;
			buildConfigurations = (
				28BD4F0D20646EFD008AD9F6 /* Debug */,
				28BD4F0E20646EFD008AD9F6 /* Release */,
			);
			defaultConfigurationIsVisible = 0;
			defaultConfigurationName = Release;
		};
/* End XCConfigurationList section */
	};
	rootObject = 28BD4EF020646EFD008AD9F6 /* Project object */;
}
